# THIS IS AN AUTOGENERATED FILE. DO NOT EDIT THIS FILE DIRECTLY.
# yarn lockfile v1


html5shiv@^3.7.3:
  version "3.7.3"
  resolved "https://registry.yarnpkg.com/html5shiv/-/html5shiv-3.7.3.tgz#d78a84a367bcb9a710100d57802c387b084631d2"

node-normalize-scss@^3.0.0:
  version "3.0.0"
  resolved "https://registry.yarnpkg.com/node-normalize-scss/-/node-normalize-scss-3.0.0.tgz#119bf5d5bb71160465e9f1204c41f691d26ecf77"

sass-basis-layout@^8.0.1:
  version "8.0.1"
  resolved "https://registry.yarnpkg.com/sass-basis-layout/-/sass-basis-layout-8.0.1.tgz#767778fd7c5e4834fa48f1abbb549febcb760034"

sass-basis@^7.0.0:
  version "7.0.0"
  resolved "https://registry.yarnpkg.com/sass-basis/-/sass-basis-7.0.0.tgz#32b53854f342e33ad5cdd19088f8b8afc7e1826e"
  dependencies:
    html5shiv "^3.7.3"
    node-normalize-scss "^3.0.0"
